
Microsoft Visual Studio Solution File, Format Version 12.00
# Visual Studio 15
VisualStudioVersion = 15.0.28307.705
MinimumVisualStudioVersion = 10.0.40219.1
Project("{9A19103F-16F7-4668-BE54-9A1E7A4F7556}") = "HelloWorld", "HelloWorld\HelloWorld.csproj", "{A79803CF-EDFF-4093-93D6-BD0E35A630FF}"
EndProject
Project("{FAE04EC0-301F-11D3-BF4B-00C04F79EFBC}") = "Translator", "Translator\Translator.csproj", "{57BEAAF7-961E-46A7-8052-93F3C8D4D047}"
EndProject
Global
	GlobalSection(SolutionConfigurationPlatforms) = preSolution
		Debug|Any CPU = Debug|Any CPU
		Release|Any CPU = Release|Any CPU
	EndGlobalSection
	GlobalSection(ProjectConfigurationPlatforms) = postSolution
		{A79803CF-EDFF-4093-93D6-BD0E35A630FF}.Debug|Any CPU.ActiveCfg = Debug|Any CPU
		{A79803CF-EDFF-4093-93D6-BD0E35A630FF}.Debug|Any CPU.Build.0 = Debug|Any CPU
		{A79803CF-EDFF-4093-93D6-BD0E35A630FF}.Release|Any CPU.ActiveCfg = Release|Any CPU
		{A79803CF-EDFF-4093-93D6-BD0E35A630FF}.Release|Any CPU.Build.0 = Release|Any CPU
		{57BEAAF7-961E-46A7-8052-93F3C8D4D047}.Debug|Any CPU.ActiveCfg = Debug|Any CPU
		{57BEAAF7-961E-46A7-8052-93F3C8D4D047}.Debug|Any CPU.Build.0 = Debug|Any CPU
		{57BEAAF7-961E-46A7-8052-93F3C8D4D047}.Release|Any CPU.ActiveCfg = Release|Any CPU
		{57BEAAF7-961E-46A7-8052-93F3C8D4D047}.Release|Any CPU.Build.0 = Release|Any CPU
	EndGlobalSection
	GlobalSection(SolutionProperties) = preSolution
		HideSolutionNode = FALSE
	EndGlobalSection
	GlobalSection(ExtensibilityGlobals) = postSolution
		SolutionGuid = {D9CA136E-2F53-4550-927D-80D64EB5788E}
	EndGlobalSection
EndGlobal
